# This file is autogenerated, do not edit; changes may be undone by the next 'dep ensure'.


[[projects]]
  name = "github.com/line/line-bot-sdk-go"
  packages = ["linebot"]
  revision = "3f6c2b7deef951e757f308e01ee0f7df89cb39c0"
  version = "v6.0.0"

[solve-meta]
  analyzer-name = "dep"
  analyzer-version = 1
  inputs-digest = "71dc09451ec13efb5ba5775756a2fb5c4eeadcf5287c207190e40e08dded4673"
  solver-name = "gps-cdcl"
  solver-version = 1
